
Microsoft Visual Studio Solution File, Format Version 12.00
# Visual Studio 15
VisualStudioVersion = 15.0.28010.2036
MinimumVisualStudioVersion = 10.0.40219.1
Project("{FAE04EC0-301F-11D3-BF4B-00C04F79EFBC}") = "Class08Demo", "Class08Demo\Class08Demo.csproj", "{D16CEF79-2DAD-46F6-A03E-01A02AB41324}"
EndProject
Global
	GlobalSection(SolutionConfigurationPlatforms) = preSolution
		Debug|Any CPU = Debug|Any CPU
		Release|Any CPU = Release|Any CPU
	EndGlobalSection
	GlobalSection(ProjectConfigurationPlatforms) = postSolution
		{D16CEF79-2DAD-46F6-A03E-01A02AB41324}.Debug|Any CPU.ActiveCfg = Debug|Any CPU
		{D16CEF79-2DAD-46F6-A03E-01A02AB41324}.Debug|Any CPU.Build.0 = Debug|Any CPU
		{D16CEF79-2DAD-46F6-A03E-01A02AB41324}.Release|Any CPU.ActiveCfg = Release|Any CPU
		{D16CEF79-2DAD-46F6-A03E-01A02AB41324}.Release|Any CPU.Build.0 = Release|Any CPU
	EndGlobalSection
	GlobalSection(SolutionProperties) = preSolution
		HideSolutionNode = FALSE
	EndGlobalSection
	GlobalSection(ExtensibilityGlobals) = postSolution
		SolutionGuid = {4BB51A1A-ADD1-4698-B85A-288A09290168}
	EndGlobalSection
EndGlobal
