
Microsoft Visual Studio Solution File, Format Version 12.00
# Visual Studio 15
VisualStudioVersion = 15.0.28010.2036
MinimumVisualStudioVersion = 10.0.40219.1
Project("{9A19103F-16F7-4668-BE54-9A1E7A4F7556}") = "SchoolEnrollment", "SchoolEnrollment\SchoolEnrollment.csproj", "{AD0CAB12-6A66-410E-9D19-6EE62B37D1DE}"
EndProject
Project("{FAE04EC0-301F-11D3-BF4B-00C04F79EFBC}") = "XUnitTestProject1", "XUnitTestProject1\XUnitTestProject1.csproj", "{3E158F3F-8798-47D0-9DCA-92818E0F9473}"
EndProject
Global
	GlobalSection(SolutionConfigurationPlatforms) = preSolution
		Debug|Any CPU = Debug|Any CPU
		Release|Any CPU = Release|Any CPU
	EndGlobalSection
	GlobalSection(ProjectConfigurationPlatforms) = postSolution
		{AD0CAB12-6A66-410E-9D19-6EE62B37D1DE}.Debug|Any CPU.ActiveCfg = Debug|Any CPU
		{AD0CAB12-6A66-410E-9D19-6EE62B37D1DE}.Debug|Any CPU.Build.0 = Debug|Any CPU
		{AD0CAB12-6A66-410E-9D19-6EE62B37D1DE}.Release|Any CPU.ActiveCfg = Release|Any CPU
		{AD0CAB12-6A66-410E-9D19-6EE62B37D1DE}.Release|Any CPU.Build.0 = Release|Any CPU
		{3E158F3F-8798-47D0-9DCA-92818E0F9473}.Debug|Any CPU.ActiveCfg = Debug|Any CPU
		{3E158F3F-8798-47D0-9DCA-92818E0F9473}.Debug|Any CPU.Build.0 = Debug|Any CPU
		{3E158F3F-8798-47D0-9DCA-92818E0F9473}.Release|Any CPU.ActiveCfg = Release|Any CPU
		{3E158F3F-8798-47D0-9DCA-92818E0F9473}.Release|Any CPU.Build.0 = Release|Any CPU
	EndGlobalSection
	GlobalSection(SolutionProperties) = preSolution
		HideSolutionNode = FALSE
	EndGlobalSection
	GlobalSection(ExtensibilityGlobals) = postSolution
		SolutionGuid = {684F44BA-9745-4404-BF4F-019ED0D3E2BE}
	EndGlobalSection
EndGlobal
