
Microsoft Visual Studio Solution File, Format Version 12.00
# Visual Studio 15
VisualStudioVersion = 15.0.28010.2036
MinimumVisualStudioVersion = 10.0.40219.1
Project("{FAE04EC0-301F-11D3-BF4B-00C04F79EFBC}") = "Class07Demo", "Class07Demo\Class07Demo.csproj", "{86F83056-D4D0-40A3-BF69-E072E7DEE358}"
EndProject
Global
	GlobalSection(SolutionConfigurationPlatforms) = preSolution
		Debug|Any CPU = Debug|Any CPU
		Release|Any CPU = Release|Any CPU
	EndGlobalSection
	GlobalSection(ProjectConfigurationPlatforms) = postSolution
		{86F83056-D4D0-40A3-BF69-E072E7DEE358}.Debug|Any CPU.ActiveCfg = Debug|Any CPU
		{86F83056-D4D0-40A3-BF69-E072E7DEE358}.Debug|Any CPU.Build.0 = Debug|Any CPU
		{86F83056-D4D0-40A3-BF69-E072E7DEE358}.Release|Any CPU.ActiveCfg = Release|Any CPU
		{86F83056-D4D0-40A3-BF69-E072E7DEE358}.Release|Any CPU.Build.0 = Release|Any CPU
	EndGlobalSection
	GlobalSection(SolutionProperties) = preSolution
		HideSolutionNode = FALSE
	EndGlobalSection
	GlobalSection(ExtensibilityGlobals) = postSolution
		SolutionGuid = {919E5DEA-A76E-4E42-B07B-74D7B0FB1873}
	EndGlobalSection
EndGlobal
