
Microsoft Visual Studio Solution File, Format Version 12.00
# Visual Studio 15
VisualStudioVersion = 15.0.28010.2036
MinimumVisualStudioVersion = 10.0.40219.1
Project("{FAE04EC0-301F-11D3-BF4B-00C04F79EFBC}") = "Class11Demo", "Class11Demo\Class11Demo.csproj", "{C1AFC492-2CCB-4EAC-A452-155EFDE4ED2F}"
EndProject
Global
	GlobalSection(SolutionConfigurationPlatforms) = preSolution
		Debug|Any CPU = Debug|Any CPU
		Release|Any CPU = Release|Any CPU
	EndGlobalSection
	GlobalSection(ProjectConfigurationPlatforms) = postSolution
		{C1AFC492-2CCB-4EAC-A452-155EFDE4ED2F}.Debug|Any CPU.ActiveCfg = Debug|Any CPU
		{C1AFC492-2CCB-4EAC-A452-155EFDE4ED2F}.Debug|Any CPU.Build.0 = Debug|Any CPU
		{C1AFC492-2CCB-4EAC-A452-155EFDE4ED2F}.Release|Any CPU.ActiveCfg = Release|Any CPU
		{C1AFC492-2CCB-4EAC-A452-155EFDE4ED2F}.Release|Any CPU.Build.0 = Release|Any CPU
	EndGlobalSection
	GlobalSection(SolutionProperties) = preSolution
		HideSolutionNode = FALSE
	EndGlobalSection
	GlobalSection(ExtensibilityGlobals) = postSolution
		SolutionGuid = {F8B70236-0BA3-480E-9474-7EDB03728011}
	EndGlobalSection
EndGlobal
