
Microsoft Visual Studio Solution File, Format Version 12.00
# Visual Studio 15
VisualStudioVersion = 15.0.28010.2036
MinimumVisualStudioVersion = 10.0.40219.1
Project("{FAE04EC0-301F-11D3-BF4B-00C04F79EFBC}") = "Class06Demo", "Class06Demo\Class06Demo.csproj", "{35A6FFF7-44C5-4BB5-9593-6A01798D02BF}"
EndProject
Global
	GlobalSection(SolutionConfigurationPlatforms) = preSolution
		Debug|Any CPU = Debug|Any CPU
		Release|Any CPU = Release|Any CPU
	EndGlobalSection
	GlobalSection(ProjectConfigurationPlatforms) = postSolution
		{35A6FFF7-44C5-4BB5-9593-6A01798D02BF}.Debug|Any CPU.ActiveCfg = Debug|Any CPU
		{35A6FFF7-44C5-4BB5-9593-6A01798D02BF}.Debug|Any CPU.Build.0 = Debug|Any CPU
		{35A6FFF7-44C5-4BB5-9593-6A01798D02BF}.Release|Any CPU.ActiveCfg = Release|Any CPU
		{35A6FFF7-44C5-4BB5-9593-6A01798D02BF}.Release|Any CPU.Build.0 = Release|Any CPU
	EndGlobalSection
	GlobalSection(SolutionProperties) = preSolution
		HideSolutionNode = FALSE
	EndGlobalSection
	GlobalSection(ExtensibilityGlobals) = postSolution
		SolutionGuid = {2F0C1EF6-5ED5-4C3A-916F-FD6C5213A297}
	EndGlobalSection
EndGlobal
