
Microsoft Visual Studio Solution File, Format Version 12.00
# Visual Studio 15
VisualStudioVersion = 15.0.28010.2036
MinimumVisualStudioVersion = 10.0.40219.1
Project("{FAE04EC0-301F-11D3-BF4B-00C04F79EFBC}") = "QuickSortClassDemo", "QuickSortClassDemo\QuickSortClassDemo.csproj", "{C81A6C41-496F-428E-A5C2-FD4397B6146B}"
EndProject
Global
	GlobalSection(SolutionConfigurationPlatforms) = preSolution
		Debug|Any CPU = Debug|Any CPU
		Release|Any CPU = Release|Any CPU
	EndGlobalSection
	GlobalSection(ProjectConfigurationPlatforms) = postSolution
		{C81A6C41-496F-428E-A5C2-FD4397B6146B}.Debug|Any CPU.ActiveCfg = Debug|Any CPU
		{C81A6C41-496F-428E-A5C2-FD4397B6146B}.Debug|Any CPU.Build.0 = Debug|Any CPU
		{C81A6C41-496F-428E-A5C2-FD4397B6146B}.Release|Any CPU.ActiveCfg = Release|Any CPU
		{C81A6C41-496F-428E-A5C2-FD4397B6146B}.Release|Any CPU.Build.0 = Release|Any CPU
	EndGlobalSection
	GlobalSection(SolutionProperties) = preSolution
		HideSolutionNode = FALSE
	EndGlobalSection
	GlobalSection(ExtensibilityGlobals) = postSolution
		SolutionGuid = {C7472DA1-D103-488E-B426-31792C2BD1F8}
	EndGlobalSection
EndGlobal
